
Microsoft Visual Studio Solution File, Format Version 12.00
# Visual Studio Version 17
VisualStudioVersion = 17.4.33103.184
MinimumVisualStudioVersion = 10.0.40219.1
Project("{8BC9CEB8-8B4A-11D0-8D11-00A0C91BC942}") = "Task1", "Class15\Class15.vcxproj", "{8D13F312-D50B-419A-9858-49F70A42A3E9}"
EndProject
Project("{8BC9CEB8-8B4A-11D0-8D11-00A0C91BC942}") = "Task2", "Task2\Task2.vcxproj", "{189E70A1-2F7C-4697-904A-E72358E7B1E1}"
EndProject
Project("{8BC9CEB8-8B4A-11D0-8D11-00A0C91BC942}") = "Task3", "Task3\Task3.vcxproj", "{E4B71242-D8CF-480C-8FAC-2FC70FB2ACEA}"
EndProject
Project("{8BC9CEB8-8B4A-11D0-8D11-00A0C91BC942}") = "Task4", "Task4\Task4.vcxproj", "{2DBCF939-5ACA-4094-ABA6-34B919878B41}"
EndProject
Project("{8BC9CEB8-8B4A-11D0-8D11-00A0C91BC942}") = "Task5", "Task5\Task5.vcxproj", "{52630A64-FCCE-4F58-B92E-A498A3D98109}"
EndProject
Global
	GlobalSection(SolutionConfigurationPlatforms) = preSolution
		Debug|x64 = Debug|x64
		Debug|x86 = Debug|x86
		Release|x64 = Release|x64
		Release|x86 = Release|x86
	EndGlobalSection
	GlobalSection(ProjectConfigurationPlatforms) = postSolution
		{8D13F312-D50B-419A-9858-49F70A42A3E9}.Debug|x64.ActiveCfg = Debug|x64
		{8D13F312-D50B-419A-9858-49F70A42A3E9}.Debug|x64.Build.0 = Debug|x64
		{8D13F312-D50B-419A-9858-49F70A42A3E9}.Debug|x86.ActiveCfg = Debug|Win32
		{8D13F312-D50B-419A-9858-49F70A42A3E9}.Debug|x86.Build.0 = Debug|Win32
		{8D13F312-D50B-419A-9858-49F70A42A3E9}.Release|x64.ActiveCfg = Release|x64
		{8D13F312-D50B-419A-9858-49F70A42A3E9}.Release|x64.Build.0 = Release|x64
		{8D13F312-D50B-419A-9858-49F70A42A3E9}.Release|x86.ActiveCfg = Release|Win32
		{8D13F312-D50B-419A-9858-49F70A42A3E9}.Release|x86.Build.0 = Release|Win32
		{189E70A1-2F7C-4697-904A-E72358E7B1E1}.Debug|x64.ActiveCfg = Debug|x64
		{189E70A1-2F7C-4697-904A-E72358E7B1E1}.Debug|x64.Build.0 = Debug|x64
		{189E70A1-2F7C-4697-904A-E72358E7B1E1}.Debug|x86.ActiveCfg = Debug|Win32
		{189E70A1-2F7C-4697-904A-E72358E7B1E1}.Debug|x86.Build.0 = Debug|Win32
		{189E70A1-2F7C-4697-904A-E72358E7B1E1}.Release|x64.ActiveCfg = Release|x64
		{189E70A1-2F7C-4697-904A-E72358E7B1E1}.Release|x64.Build.0 = Release|x64
		{189E70A1-2F7C-4697-904A-E72358E7B1E1}.Release|x86.ActiveCfg = Release|Win32
		{189E70A1-2F7C-4697-904A-E72358E7B1E1}.Release|x86.Build.0 = Release|Win32
		{E4B71242-D8CF-480C-8FAC-2FC70FB2ACEA}.Debug|x64.ActiveCfg = Debug|x64
		{E4B71242-D8CF-480C-8FAC-2FC70FB2ACEA}.Debug|x64.Build.0 = Debug|x64
		{E4B71242-D8CF-480C-8FAC-2FC70FB2ACEA}.Debug|x86.ActiveCfg = Debug|Win32
		{E4B71242-D8CF-480C-8FAC-2FC70FB2ACEA}.Debug|x86.Build.0 = Debug|Win32
		{E4B71242-D8CF-480C-8FAC-2FC70FB2ACEA}.Release|x64.ActiveCfg = Release|x64
		{E4B71242-D8CF-480C-8FAC-2FC70FB2ACEA}.Release|x64.Build.0 = Release|x64
		{E4B71242-D8CF-480C-8FAC-2FC70FB2ACEA}.Release|x86.ActiveCfg = Release|Win32
		{E4B71242-D8CF-480C-8FAC-2FC70FB2ACEA}.Release|x86.Build.0 = Release|Win32
		{2DBCF939-5ACA-4094-ABA6-34B919878B41}.Debug|x64.ActiveCfg = Debug|x64
		{2DBCF939-5ACA-4094-ABA6-34B919878B41}.Debug|x64.Build.0 = Debug|x64
		{2DBCF939-5ACA-4094-ABA6-34B919878B41}.Debug|x86.ActiveCfg = Debug|Win32
		{2DBCF939-5ACA-4094-ABA6-34B919878B41}.Debug|x86.Build.0 = Debug|Win32
		{2DBCF939-5ACA-4094-ABA6-34B919878B41}.Release|x64.ActiveCfg = Release|x64
		{2DBCF939-5ACA-4094-ABA6-34B919878B41}.Release|x64.Build.0 = Release|x64
		{2DBCF939-5ACA-4094-ABA6-34B919878B41}.Release|x86.ActiveCfg = Release|Win32
		{2DBCF939-5ACA-4094-ABA6-34B919878B41}.Release|x86.Build.0 = Release|Win32
		{52630A64-FCCE-4F58-B92E-A498A3D98109}.Debug|x64.ActiveCfg = Debug|x64
		{52630A64-FCCE-4F58-B92E-A498A3D98109}.Debug|x64.Build.0 = Debug|x64
		{52630A64-FCCE-4F58-B92E-A498A3D98109}.Debug|x86.ActiveCfg = Debug|Win32
		{52630A64-FCCE-4F58-B92E-A498A3D98109}.Debug|x86.Build.0 = Debug|Win32
		{52630A64-FCCE-4F58-B92E-A498A3D98109}.Release|x64.ActiveCfg = Release|x64
		{52630A64-FCCE-4F58-B92E-A498A3D98109}.Release|x64.Build.0 = Release|x64
		{52630A64-FCCE-4F58-B92E-A498A3D98109}.Release|x86.ActiveCfg = Release|Win32
		{52630A64-FCCE-4F58-B92E-A498A3D98109}.Release|x86.Build.0 = Release|Win32
	EndGlobalSection
	GlobalSection(SolutionProperties) = preSolution
		HideSolutionNode = FALSE
	EndGlobalSection
	GlobalSection(ExtensibilityGlobals) = postSolution
		SolutionGuid = {AA1310CC-0C06-4E6D-85BB-C1237294836F}
	EndGlobalSection
EndGlobal
