<?xml version="1.0" encoding="utf-8"?>
<Project ToolsVersion="4.0" xmlns="http://schemas.microsoft.com/developer/msbuild/2003">
  <ItemGroup>
    <Filter Include="Исходные файлы">
      <UniqueIdentifier>{4FC737F1-C7A5-4376-A066-2A32D752A2FF}</UniqueIdentifier>
      <Extensions>cpp;c;cc;cxx;c++;cppm;ixx;def;odl;idl;hpj;bat;asm;asmx</Extensions>
    </Filter>
    <Filter Include="Файлы заголовков">
      <UniqueIdentifier>{93995380-89BD-4b04-88EB-625FBE52EBFB}</UniqueIdentifier>
      <Extensions>h;hh;hpp;hxx;h++;hm;inl;inc;ipp;xsd</Extensions>
    </Filter>
    <Filter Include="Файлы ресурсов">
      <UniqueIdentifier>{67DA6AB6-F800-4c08-8B7A-83BB121AAD01}</UniqueIdentifier>
      <Extensions>rc;ico;cur;bmp;dlg;rc2;rct;bin;rgs;gif;jpg;jpeg;jpe;resx;tiff;tif;png;wav;mfcribbon-ms</Extensions>
    </Filter>
    <Filter Include="aquaUtils">
      <UniqueIdentifier>{40d88863-fe9c-498d-8218-bd924a408cfe}</UniqueIdentifier>
    </Filter>
    <Filter Include="aquaUtils\model">
      <UniqueIdentifier>{f4a3fe3a-f4aa-47ee-a688-e809bfecd803}</UniqueIdentifier>
    </Filter>
    <Filter Include="aquaUtils\dataStructs">
      <UniqueIdentifier>{caa94e7c-ccf3-47aa-8180-a25f36070c61}</UniqueIdentifier>
    </Filter>
    <Filter Include="aquaUtils\utils">
      <UniqueIdentifier>{9c4b74d0-8b77-4f07-9f88-1fde5d5cfd19}</UniqueIdentifier>
    </Filter>
  </ItemGroup>
  <ItemGroup>
    <ClCompile Include="main.c">
      <Filter>Исходные файлы</Filter>
    </ClCompile>
    <ClCompile Include="..\..\aquaUtils\BasicDataStructs.c">
      <Filter>aquaUtils</Filter>
    </ClCompile>
    <ClCompile Include="..\..\aquaUtils\model\AquaTypes.c">
      <Filter>aquaUtils\model</Filter>
    </ClCompile>
    <ClCompile Include="..\..\aquaUtils\model\ExtendedTypes.c">
      <Filter>aquaUtils\model</Filter>
    </ClCompile>
    <ClCompile Include="..\..\aquaUtils\dataStructs\LinkedList.c">
      <Filter>aquaUtils\dataStructs</Filter>
    </ClCompile>
    <ClCompile Include="..\..\aquaUtils\dataStructs\List.c">
      <Filter>aquaUtils\dataStructs</Filter>
    </ClCompile>
    <ClCompile Include="..\..\aquaUtils\utils\ArrayUtils.c">
      <Filter>aquaUtils\utils</Filter>
    </ClCompile>
    <ClCompile Include="..\..\aquaUtils\utils\DebugUtils.c">
      <Filter>aquaUtils\utils</Filter>
    </ClCompile>
    <ClCompile Include="..\..\aquaUtils\utils\FileUtils.c">
      <Filter>aquaUtils\utils</Filter>
    </ClCompile>
    <ClCompile Include="..\..\aquaUtils\utils\StringUtils.c">
      <Filter>aquaUtils\utils</Filter>
    </ClCompile>
  </ItemGroup>
  <ItemGroup>
    <ClInclude Include="..\..\aquaUtils\BasicDataStructs.h">
      <Filter>aquaUtils</Filter>
    </ClInclude>
    <ClInclude Include="..\..\aquaUtils\pch.h">
      <Filter>aquaUtils</Filter>
    </ClInclude>
    <ClInclude Include="..\..\aquaUtils\model\AquaTypes.h">
      <Filter>aquaUtils\model</Filter>
    </ClInclude>
    <ClInclude Include="..\..\aquaUtils\model\ExtendedTypes.h">
      <Filter>aquaUtils\model</Filter>
    </ClInclude>
    <ClInclude Include="..\..\aquaUtils\dataStructs\LinkedList.h">
      <Filter>aquaUtils\dataStructs</Filter>
    </ClInclude>
    <ClInclude Include="..\..\aquaUtils\dataStructs\List.h">
      <Filter>aquaUtils\dataStructs</Filter>
    </ClInclude>
    <ClInclude Include="..\..\aquaUtils\utils\ArrayUtils.h">
      <Filter>aquaUtils\utils</Filter>
    </ClInclude>
    <ClInclude Include="..\..\aquaUtils\utils\DebugUtils.h">
      <Filter>aquaUtils\utils</Filter>
    </ClInclude>
    <ClInclude Include="..\..\aquaUtils\utils\FileUtils.h">
      <Filter>aquaUtils\utils</Filter>
    </ClInclude>
    <ClInclude Include="..\..\aquaUtils\utils\StringUtils.h">
      <Filter>aquaUtils\utils</Filter>
    </ClInclude>
  </ItemGroup>
</Project>