<?xml version="1.0" encoding="utf-8"?>
<Project ToolsVersion="4.0" xmlns="http://schemas.microsoft.com/developer/msbuild/2003">
  <ItemGroup>
    <Filter Include="Исходные файлы">
      <UniqueIdentifier>{4FC737F1-C7A5-4376-A066-2A32D752A2FF}</UniqueIdentifier>
      <Extensions>cpp;c;cc;cxx;c++;cppm;ixx;def;odl;idl;hpj;bat;asm;asmx</Extensions>
    </Filter>
    <Filter Include="Файлы заголовков">
      <UniqueIdentifier>{93995380-89BD-4b04-88EB-625FBE52EBFB}</UniqueIdentifier>
      <Extensions>h;hh;hpp;hxx;h++;hm;inl;inc;ipp;xsd</Extensions>
    </Filter>
    <Filter Include="Файлы ресурсов">
      <UniqueIdentifier>{67DA6AB6-F800-4c08-8B7A-83BB121AAD01}</UniqueIdentifier>
      <Extensions>rc;ico;cur;bmp;dlg;rc2;rct;bin;rgs;gif;jpg;jpeg;jpe;resx;tiff;tif;png;wav;mfcribbon-ms</Extensions>
    </Filter>
    <Filter Include="aquaLib">
      <UniqueIdentifier>{1e977a1b-f42a-4927-85f5-6a7df2a59f67}</UniqueIdentifier>
    </Filter>
  </ItemGroup>
  <ItemGroup>
    <ClCompile Include="..\..\aquaUtils\BasicDataStructs.c">
      <Filter>aquaLib</Filter>
    </ClCompile>
    <ClCompile Include="..\..\aquaUtils\dataStructs\LinkedList.c">
      <Filter>aquaLib</Filter>
    </ClCompile>
    <ClCompile Include="..\..\aquaUtils\dataStructs\List.c">
      <Filter>aquaLib</Filter>
    </ClCompile>
    <ClCompile Include="..\..\aquaUtils\model\AquaTypes.c">
      <Filter>aquaLib</Filter>
    </ClCompile>
    <ClCompile Include="..\..\aquaUtils\model\ExtendedTypes.c">
      <Filter>aquaLib</Filter>
    </ClCompile>
    <ClCompile Include="..\..\aquaUtils\utils\ArrayUtils.c">
      <Filter>aquaLib</Filter>
    </ClCompile>
    <ClCompile Include="..\..\aquaUtils\utils\DebugUtils.c">
      <Filter>aquaLib</Filter>
    </ClCompile>
    <ClCompile Include="..\..\aquaUtils\utils\FileUtils.c">
      <Filter>aquaLib</Filter>
    </ClCompile>
    <ClCompile Include="..\..\aquaUtils\utils\StringUtils.c">
      <Filter>aquaLib</Filter>
    </ClCompile>
    <ClCompile Include="StringExtendedU.c">
      <Filter>Исходные файлы</Filter>
    </ClCompile>
    <ClCompile Include="main.c">
      <Filter>Файлы ресурсов</Filter>
    </ClCompile>
    <ClCompile Include="testModule.c">
      <Filter>Исходные файлы</Filter>
    </ClCompile>
  </ItemGroup>
  <ItemGroup>
    <ClInclude Include="..\..\aquaUtils\BasicDataStructs.h">
      <Filter>aquaLib</Filter>
    </ClInclude>
    <ClInclude Include="..\..\aquaUtils\dataStructs\LinkedList.h">
      <Filter>aquaLib</Filter>
    </ClInclude>
    <ClInclude Include="..\..\aquaUtils\dataStructs\List.h">
      <Filter>aquaLib</Filter>
    </ClInclude>
    <ClInclude Include="..\..\aquaUtils\model\AquaTypes.h">
      <Filter>aquaLib</Filter>
    </ClInclude>
    <ClInclude Include="..\..\aquaUtils\model\ExtendedTypes.h">
      <Filter>aquaLib</Filter>
    </ClInclude>
    <ClInclude Include="..\..\aquaUtils\pch.h">
      <Filter>aquaLib</Filter>
    </ClInclude>
    <ClInclude Include="..\..\aquaUtils\utils\ArrayUtils.h">
      <Filter>aquaLib</Filter>
    </ClInclude>
    <ClInclude Include="..\..\aquaUtils\utils\DebugUtils.h">
      <Filter>aquaLib</Filter>
    </ClInclude>
    <ClInclude Include="..\..\aquaUtils\utils\FileUtils.h">
      <Filter>aquaLib</Filter>
    </ClInclude>
    <ClInclude Include="..\..\aquaUtils\utils\StringUtils.h">
      <Filter>aquaLib</Filter>
    </ClInclude>
    <ClInclude Include="StringExtendedU.h">
      <Filter>Файлы заголовков</Filter>
    </ClInclude>
    <ClInclude Include="testModule.h">
      <Filter>Файлы заголовков</Filter>
    </ClInclude>
  </ItemGroup>
</Project>