<?xml version="1.0" encoding="utf-8"?>
<Project ToolsVersion="4.0" xmlns="http://schemas.microsoft.com/developer/msbuild/2003">
  <ItemGroup>
    <Filter Include="Исходные файлы">
      <UniqueIdentifier>{4FC737F1-C7A5-4376-A066-2A32D752A2FF}</UniqueIdentifier>
      <Extensions>cpp;c;cc;cxx;c++;cppm;ixx;def;odl;idl;hpj;bat;asm;asmx</Extensions>
    </Filter>
    <Filter Include="Файлы заголовков">
      <UniqueIdentifier>{93995380-89BD-4b04-88EB-625FBE52EBFB}</UniqueIdentifier>
      <Extensions>h;hh;hpp;hxx;h++;hm;inl;inc;ipp;xsd</Extensions>
    </Filter>
    <Filter Include="geometry">
      <UniqueIdentifier>{582a1fd1-f78d-45c2-ad00-f0b6cb60ace7}</UniqueIdentifier>
    </Filter>
    <Filter Include="aquaUtils">
      <UniqueIdentifier>{f1aecffd-d5e8-4f82-80a2-eabb0c0499ce}</UniqueIdentifier>
    </Filter>
    <Filter Include="aquaUtils\model">
      <UniqueIdentifier>{5573a74c-1361-476a-8fea-7cd98c761b00}</UniqueIdentifier>
    </Filter>
    <Filter Include="aquaUtils\dataStructs">
      <UniqueIdentifier>{b52fbf4f-47b2-4b94-b619-6daee3962ff4}</UniqueIdentifier>
    </Filter>
    <Filter Include="aquaUtils\utils">
      <UniqueIdentifier>{01d493cb-a468-4cc6-b07a-649330e2fe8e}</UniqueIdentifier>
    </Filter>
  </ItemGroup>
  <ItemGroup>
    <ClCompile Include="..\..\aquaUtils\BasicDataStructs.c">
      <Filter>aquaUtils</Filter>
    </ClCompile>
    <ClCompile Include="main.c">
      <Filter>Исходные файлы</Filter>
    </ClCompile>
    <ClCompile Include="..\..\aquaUtils\model\AquaTypes.c">
      <Filter>aquaUtils\model</Filter>
    </ClCompile>
    <ClCompile Include="..\..\aquaUtils\model\ExtendedTypes.c">
      <Filter>aquaUtils\model</Filter>
    </ClCompile>
    <ClCompile Include="..\..\aquaUtils\dataStructs\LinkedList.c">
      <Filter>aquaUtils\dataStructs</Filter>
    </ClCompile>
    <ClCompile Include="..\..\aquaUtils\dataStructs\List.c">
      <Filter>aquaUtils\dataStructs</Filter>
    </ClCompile>
    <ClCompile Include="..\..\aquaUtils\utils\ArrayUtils.c">
      <Filter>aquaUtils\utils</Filter>
    </ClCompile>
    <ClCompile Include="..\..\aquaUtils\utils\DebugUtils.c">
      <Filter>aquaUtils\utils</Filter>
    </ClCompile>
    <ClCompile Include="..\..\aquaUtils\utils\FileUtils.c">
      <Filter>aquaUtils\utils</Filter>
    </ClCompile>
    <ClCompile Include="..\..\aquaUtils\utils\StringUtils.c">
      <Filter>aquaUtils\utils</Filter>
    </ClCompile>
    <ClCompile Include="Prism.c">
      <Filter>geometry</Filter>
    </ClCompile>
    <ClCompile Include="PlaneInSpace.c">
      <Filter>geometry</Filter>
    </ClCompile>
  </ItemGroup>
  <ItemGroup>
    <ClInclude Include="..\..\aquaUtils\BasicDataStructs.h">
      <Filter>aquaUtils</Filter>
    </ClInclude>
    <ClInclude Include="..\..\aquaUtils\pch.h">
      <Filter>aquaUtils</Filter>
    </ClInclude>
    <ClInclude Include="..\..\aquaUtils\model\AquaTypes.h">
      <Filter>aquaUtils\model</Filter>
    </ClInclude>
    <ClInclude Include="..\..\aquaUtils\model\ExtendedTypes.h">
      <Filter>aquaUtils\model</Filter>
    </ClInclude>
    <ClInclude Include="..\..\aquaUtils\dataStructs\List.h">
      <Filter>aquaUtils\dataStructs</Filter>
    </ClInclude>
    <ClInclude Include="..\..\aquaUtils\dataStructs\LinkedList.h">
      <Filter>aquaUtils\dataStructs</Filter>
    </ClInclude>
    <ClInclude Include="..\..\aquaUtils\utils\ArrayUtils.h">
      <Filter>aquaUtils\utils</Filter>
    </ClInclude>
    <ClInclude Include="..\..\aquaUtils\utils\DebugUtils.h">
      <Filter>aquaUtils\utils</Filter>
    </ClInclude>
    <ClInclude Include="..\..\aquaUtils\utils\FileUtils.h">
      <Filter>aquaUtils\utils</Filter>
    </ClInclude>
    <ClInclude Include="..\..\aquaUtils\utils\StringUtils.h">
      <Filter>aquaUtils\utils</Filter>
    </ClInclude>
    <ClInclude Include="Prism.h">
      <Filter>geometry</Filter>
    </ClInclude>
    <ClInclude Include="Dimensions.h">
      <Filter>geometry</Filter>
    </ClInclude>
    <ClInclude Include="PlaneInSpace.h">
      <Filter>geometry</Filter>
    </ClInclude>
  </ItemGroup>
  <ItemGroup>
    <Text Include="TODO.txt">
      <Filter>geometry</Filter>
    </Text>
  </ItemGroup>
</Project>