<?xml version="1.0" encoding="utf-8"?>
<Project ToolsVersion="4.0" xmlns="http://schemas.microsoft.com/developer/msbuild/2003">
  <ItemGroup>
    <Filter Include="Исходные файлы">
      <UniqueIdentifier>{4FC737F1-C7A5-4376-A066-2A32D752A2FF}</UniqueIdentifier>
      <Extensions>cpp;c;cc;cxx;c++;cppm;ixx;def;odl;idl;hpj;bat;asm;asmx</Extensions>
    </Filter>
    <Filter Include="Файлы заголовков">
      <UniqueIdentifier>{93995380-89BD-4b04-88EB-625FBE52EBFB}</UniqueIdentifier>
      <Extensions>h;hh;hpp;hxx;h++;hm;inl;inc;ipp;xsd</Extensions>
    </Filter>
    <Filter Include="Файлы ресурсов">
      <UniqueIdentifier>{67DA6AB6-F800-4c08-8B7A-83BB121AAD01}</UniqueIdentifier>
      <Extensions>rc;ico;cur;bmp;dlg;rc2;rct;bin;rgs;gif;jpg;jpeg;jpe;resx;tiff;tif;png;wav;mfcribbon-ms</Extensions>
    </Filter>
    <Filter Include="aquaUtils">
      <UniqueIdentifier>{f39df5c9-d235-4d5b-a2bd-eeba70ff3a84}</UniqueIdentifier>
    </Filter>
    <Filter Include="aquaUtils\model">
      <UniqueIdentifier>{11746e64-82ca-46c0-9594-06207c0b9dca}</UniqueIdentifier>
    </Filter>
    <Filter Include="aquaUtils\dataStructs">
      <UniqueIdentifier>{39f12730-9bc4-4c28-8ce5-924484357fcc}</UniqueIdentifier>
    </Filter>
    <Filter Include="aquaUtils\utils">
      <UniqueIdentifier>{56889a37-0f86-4894-a102-dd1ee28d5224}</UniqueIdentifier>
    </Filter>
  </ItemGroup>
  <ItemGroup>
    <ClCompile Include="Example.c">
      <Filter>Исходные файлы</Filter>
    </ClCompile>
    <ClCompile Include="main.c">
      <Filter>Исходные файлы</Filter>
    </ClCompile>
    <ClCompile Include="WindowsAPI.c">
      <Filter>Исходные файлы</Filter>
    </ClCompile>
    <ClCompile Include="Image.c">
      <Filter>Исходные файлы</Filter>
    </ClCompile>
    <ClCompile Include="..\..\aquaUtils\BasicDataStructs.c">
      <Filter>aquaUtils</Filter>
    </ClCompile>
    <ClCompile Include="..\..\aquaUtils\model\AquaTypes.c">
      <Filter>aquaUtils\model</Filter>
    </ClCompile>
    <ClCompile Include="..\..\aquaUtils\model\ExtendedTypes.c">
      <Filter>aquaUtils\model</Filter>
    </ClCompile>
    <ClCompile Include="..\..\aquaUtils\dataStructs\LinkedList.c">
      <Filter>aquaUtils\dataStructs</Filter>
    </ClCompile>
    <ClCompile Include="..\..\aquaUtils\dataStructs\List.c">
      <Filter>aquaUtils\dataStructs</Filter>
    </ClCompile>
    <ClCompile Include="..\..\aquaUtils\utils\ArrayUtils.c">
      <Filter>aquaUtils\utils</Filter>
    </ClCompile>
    <ClCompile Include="..\..\aquaUtils\utils\DebugUtils.c">
      <Filter>aquaUtils\utils</Filter>
    </ClCompile>
    <ClCompile Include="..\..\aquaUtils\utils\FileUtils.c">
      <Filter>aquaUtils\utils</Filter>
    </ClCompile>
    <ClCompile Include="..\..\aquaUtils\utils\StringUtils.c">
      <Filter>aquaUtils\utils</Filter>
    </ClCompile>
  </ItemGroup>
  <ItemGroup>
    <ClInclude Include="Example.h">
      <Filter>Исходные файлы</Filter>
    </ClInclude>
    <ClInclude Include="WindowsAPI.h">
      <Filter>Исходные файлы</Filter>
    </ClInclude>
    <ClInclude Include="..\..\aquaUtils\BasicDataStructs.h">
      <Filter>aquaUtils</Filter>
    </ClInclude>
    <ClInclude Include="..\..\aquaUtils\pch.h">
      <Filter>aquaUtils</Filter>
    </ClInclude>
    <ClInclude Include="..\..\aquaUtils\model\AquaTypes.h">
      <Filter>aquaUtils\model</Filter>
    </ClInclude>
    <ClInclude Include="..\..\aquaUtils\model\ExtendedTypes.h">
      <Filter>aquaUtils\model</Filter>
    </ClInclude>
    <ClInclude Include="..\..\aquaUtils\dataStructs\LinkedList.h">
      <Filter>aquaUtils\dataStructs</Filter>
    </ClInclude>
    <ClInclude Include="..\..\aquaUtils\dataStructs\List.h">
      <Filter>aquaUtils\dataStructs</Filter>
    </ClInclude>
    <ClInclude Include="..\..\aquaUtils\utils\ArrayUtils.h">
      <Filter>aquaUtils\utils</Filter>
    </ClInclude>
    <ClInclude Include="..\..\aquaUtils\utils\DebugUtils.h">
      <Filter>aquaUtils\utils</Filter>
    </ClInclude>
    <ClInclude Include="..\..\aquaUtils\utils\FileUtils.h">
      <Filter>aquaUtils\utils</Filter>
    </ClInclude>
    <ClInclude Include="..\..\aquaUtils\utils\StringUtils.h">
      <Filter>aquaUtils\utils</Filter>
    </ClInclude>
    <ClInclude Include="Image.h">
      <Filter>Исходные файлы</Filter>
    </ClInclude>
  </ItemGroup>
</Project>